
Microsoft Visual Studio Solution File, Format Version 12.00
# Visual Studio Version 16
VisualStudioVersion = 16.0.29728.190
MinimumVisualStudioVersion = 10.0.40219.1
Project("{FAE04EC0-301F-11D3-BF4B-00C04F79EFBC}") = "Prototype", "Prototype.csproj", "{8AEC42FD-502E-46C0-AD47-D4D7A24F198C}"
EndProject
Global
	GlobalSection(SolutionConfigurationPlatforms) = preSolution
		Debug|Any CPU = Debug|Any CPU
		Release|Any CPU = Release|Any CPU
	EndGlobalSection
	GlobalSection(ProjectConfigurationPlatforms) = postSolution
		{8AEC42FD-502E-46C0-AD47-D4D7A24F198C}.Debug|Any CPU.ActiveCfg = Debug|Any CPU
		{8AEC42FD-502E-46C0-AD47-D4D7A24F198C}.Debug|Any CPU.Build.0 = Debug|Any CPU
		{8AEC42FD-502E-46C0-AD47-D4D7A24F198C}.Release|Any CPU.ActiveCfg = Release|Any CPU
		{8AEC42FD-502E-46C0-AD47-D4D7A24F198C}.Release|Any CPU.Build.0 = Release|Any CPU
	EndGlobalSection
	GlobalSection(SolutionProperties) = preSolution
		HideSolutionNode = FALSE
	EndGlobalSection
	GlobalSection(ExtensibilityGlobals) = postSolution
		SolutionGuid = {B3CDBA29-6158-4BF5-8FF3-48E38C96F5E2}
	EndGlobalSection
EndGlobal
